<?xml version="1.0" encoding="utf-8"?>
<Project ToolsVersion="4.0" xmlns="http://schemas.microsoft.com/developer/msbuild/2003">
  <ItemGroup>
    <Filter Include="Source Files">
      <UniqueIdentifier>{4FC737F1-C7A5-4376-A066-2A32D752A2FF}</UniqueIdentifier>
      <Extensions>cpp;c;cc;cxx;c++;cppm;ixx;def;odl;idl;hpj;bat;asm;asmx</Extensions>
    </Filter>
    <Filter Include="Header Files">
      <UniqueIdentifier>{93995380-89BD-4b04-88EB-625FBE52EBFB}</UniqueIdentifier>
      <Extensions>h;hh;hpp;hxx;h++;hm;inl;inc;ipp;xsd</Extensions>
    </Filter>
    <Filter Include="Resource Files">
      <UniqueIdentifier>{67DA6AB6-F800-4c08-8B7A-83BB121AAD01}</UniqueIdentifier>
      <Extensions>rc;ico;cur;bmp;dlg;rc2;rct;bin;rgs;gif;jpg;jpeg;jpe;resx;tiff;tif;png;wav;mfcribbon-ms</Extensions>
    </Filter>
  </ItemGroup>
  <ItemGroup>
    <ResourceCompile Include="app.rc">
      <Filter>Resource Files</Filter>
    </ResourceCompile>
  </ItemGroup>
  <ItemGroup>
    <ClInclude Include="Resource.h">
      <Filter>Header Files</Filter>
    </ClInclude>
    <ClInclude Include="pch.h">
      <Filter>Header Files</Filter>
    </ClInclude>
    <ClInclude Include="DBConnection.h">
      <Filter>Header Files</Filter>
    </ClInclude>
    <ClInclude Include="PantallaPrincipal.h">
      <Filter>Header Files</Filter>
    </ClInclude>
    <ClInclude Include="IniUsu.h">
      <Filter>Header Files</Filter>
    </ClInclude>
    <ClInclude Include="CercadoraPropietari.h">
      <Filter>Header Files</Filter>
    </ClInclude>
    <ClInclude Include="TxIniciSessio.h">
      <Filter>Header Files</Filter>
    </ClInclude>
    <ClInclude Include="Ordinador.h">
      <Filter>Header Files</Filter>
    </ClInclude>
    <ClInclude Include="MenuProp.h">
      <Filter>Header Files</Filter>
    </ClInclude>
    <ClInclude Include="InfoProp.h">
      <Filter>Header Files</Filter>
    </ClInclude>
    <ClInclude Include="PassarellaPropietari.h">
      <Filter>Header Files</Filter>
    </ClInclude>
    <ClInclude Include="TxTancaSessio.h">
      <Filter>Header Files</Filter>
    </ClInclude>
    <ClInclude Include="ModProp.h">
      <Filter>Header Files</Filter>
    </ClInclude>
    <ClInclude Include="CercadoraUsuari.h">
      <Filter>Header Files</Filter>
    </ClInclude>
    <ClInclude Include="CercadoraClinica.h">
      <Filter>Header Files</Filter>
    </ClInclude>
    <ClInclude Include="PassarellaClinica.h">
      <Filter>Header Files</Filter>
    </ClInclude>
    <ClInclude Include="PassarellaUsuari.h">
      <Filter>Header Files</Filter>
    </ClInclude>
    <ClInclude Include="TxConsultaUsu.h">
      <Filter>Header Files</Filter>
    </ClInclude>
    <ClInclude Include="TxEsborraUsu.h">
      <Filter>Header Files</Filter>
    </ClInclude>
    <ClInclude Include="TxModUsu.h">
      <Filter>Header Files</Filter>
    </ClInclude>
    <ClInclude Include="TxRegistraUsu.h">
      <Filter>Header Files</Filter>
    </ClInclude>
    <ClInclude Include="RegUsu.h">
      <Filter>Header Files</Filter>
    </ClInclude>
    <ClInclude Include="MenuCli.h">
      <Filter>Header Files</Filter>
    </ClInclude>
    <ClInclude Include="ModCli.h">
      <Filter>Header Files</Filter>
    </ClInclude>
    <ClInclude Include="InfoCli.h">
      <Filter>Header Files</Filter>
    </ClInclude>
  </ItemGroup>
  <ItemGroup>
    <ClCompile Include="CppCLR_WinFormsProject.cpp">
      <Filter>Source Files</Filter>
    </ClCompile>
    <ClCompile Include="AssemblyInfo.cpp">
      <Filter>Source Files</Filter>
    </ClCompile>
    <ClCompile Include="pch.cpp">
      <Filter>Source Files</Filter>
    </ClCompile>
    <ClCompile Include="DBConnection.cpp">
      <Filter>Source Files</Filter>
    </ClCompile>
    <ClCompile Include="PantallaPrincipal.cpp">
      <Filter>Source Files</Filter>
    </ClCompile>
    <ClCompile Include="IniUsu.cpp">
      <Filter>Source Files</Filter>
    </ClCompile>
    <ClCompile Include="CercadoraPropietari.cpp">
      <Filter>Source Files</Filter>
    </ClCompile>
    <ClCompile Include="TxIniciSessio.cpp">
      <Filter>Source Files</Filter>
    </ClCompile>
    <ClCompile Include="Ordinador.cpp">
      <Filter>Source Files</Filter>
    </ClCompile>
    <ClCompile Include="MenuProp.cpp">
      <Filter>Source Files</Filter>
    </ClCompile>
    <ClCompile Include="InfoProp.cpp">
      <Filter>Source Files</Filter>
    </ClCompile>
    <ClCompile Include="PassarellaPropietari.cpp">
      <Filter>Source Files</Filter>
    </ClCompile>
    <ClCompile Include="TxTancaSessio.cpp">
      <Filter>Source Files</Filter>
    </ClCompile>
    <ClCompile Include="ModProp.cpp">
      <Filter>Source Files</Filter>
    </ClCompile>
    <ClCompile Include="CercadoraUsuari.cpp">
      <Filter>Source Files</Filter>
    </ClCompile>
    <ClCompile Include="CercadoraClinica.cpp">
      <Filter>Source Files</Filter>
    </ClCompile>
    <ClCompile Include="PassarellaClinica.cpp">
      <Filter>Source Files</Filter>
    </ClCompile>
    <ClCompile Include="PassarellaUsuari.cpp">
      <Filter>Source Files</Filter>
    </ClCompile>
    <ClCompile Include="TxConsultaUsu.cpp">
      <Filter>Source Files</Filter>
    </ClCompile>
    <ClCompile Include="TxEsborraUsu.cpp">
      <Filter>Source Files</Filter>
    </ClCompile>
    <ClCompile Include="TxModUsu.cpp">
      <Filter>Source Files</Filter>
    </ClCompile>
    <ClCompile Include="TxRegistraUsu.cpp">
      <Filter>Source Files</Filter>
    </ClCompile>
    <ClCompile Include="RegUsu.cpp">
      <Filter>Source Files</Filter>
    </ClCompile>
    <ClCompile Include="MenuCli.cpp">
      <Filter>Source Files</Filter>
    </ClCompile>
    <ClCompile Include="ModCli.cpp">
      <Filter>Source Files</Filter>
    </ClCompile>
    <ClCompile Include="InfoCli.cpp">
      <Filter>Source Files</Filter>
    </ClCompile>
  </ItemGroup>
  <ItemGroup>
    <Image Include="app.ico">
      <Filter>Resource Files</Filter>
    </Image>
  </ItemGroup>
  <ItemGroup>
    <EmbeddedResource Include="ClinicaAlta.resx">
      <Filter>Resource Files</Filter>
    </EmbeddedResource>
    <EmbeddedResource Include="IniUsu.resx">
      <Filter>Resource Files</Filter>
    </EmbeddedResource>
    <EmbeddedResource Include="MenuCli.resx">
      <Filter>Resource Files</Filter>
    </EmbeddedResource>
  </ItemGroup>
</Project>