<?xml version="1.0" encoding="utf-8"?>
<Project ToolsVersion="4.0" xmlns="http://schemas.microsoft.com/developer/msbuild/2003">
  <ItemGroup>
    <ClCompile Include="AssemblyInfo.cpp" />
    <ClCompile Include="CercadoraCentre.cpp" />
    <ClCompile Include="CercadoraEsdeveniments.cpp" />
    <ClCompile Include="CercadoraMascota.cpp" />
    <ClCompile Include="CercadoraClinica.cpp" />
    <ClCompile Include="CercadoraPropietari.cpp" />
    <ClCompile Include="CercadoraTipus.cpp" />
    <ClCompile Include="CercadoraUsuari.cpp" />
    <ClCompile Include="CercadoraValoracio.cpp" />
    <ClCompile Include="CercadoraVisita.cpp" />
    <ClCompile Include="ConsultaCentresForm.cpp" />
    <ClCompile Include="ConsultaMascota_forms.cpp" />
    <ClCompile Include="ConsultarEvents.cpp" />
    <ClCompile Include="ConsultaVistes_forms.cpp" />
    <ClCompile Include="CppCLR_WinFormsProject.cpp" />
    <ClCompile Include="CreaCentreForms.cpp" />
    <ClCompile Include="CrearPublic.cpp" />
    <ClCompile Include="CreaVisites_forms.cpp" />
    <ClCompile Include="Crea_Mascota_forms.cpp" />
    <ClCompile Include="DBConnection.cpp" />
    <ClCompile Include="EliminaCentresForm.cpp" />
    <ClCompile Include="EliminaVisita_forms.cpp" />
    <ClCompile Include="PantallaPrincipal.cpp" />
    <ClCompile Include="InfoCli.cpp" />
    <ClCompile Include="InfoProp.cpp" />
    <ClCompile Include="IniUsu.cpp" />
    <ClCompile Include="MenuCli.cpp" />
    <ClCompile Include="MenuProp.cpp" />
    <ClCompile Include="ModCli.cpp" />
    <ClCompile Include="ModProp.cpp" />
    <ClCompile Include="PassarellaCentre.cpp" />
    <ClCompile Include="PassarellaClinica.cpp" />
    <ClCompile Include="PassarellaEsdeveniments.cpp" />
    <ClCompile Include="PassarellaMascota.cpp" />
    <ClCompile Include="PassarellaPublic.cpp" />
    <ClCompile Include="PassarellaTipus.cpp" />
    <ClCompile Include="PassarellaUsuari.cpp" />
    <ClCompile Include="Ordinador.cpp" />
    <ClCompile Include="PassarellaPropietari.cpp" />
    <ClCompile Include="PassarellaValoracio.cpp" />
    <ClCompile Include="PassarellaVisites.cpp" />
    <ClCompile Include="pch.cpp" />
    <ClCompile Include="TxConsultarCentres.cpp" />
    <ClCompile Include="TxConsultarMascotes.cpp" />
    <ClCompile Include="RegUsu.cpp" />
    <ClCompile Include="TxConsultarVisites.cpp" />
    <ClCompile Include="TxConsultaUsu.cpp" />
    <ClCompile Include="TxCrearCentre.cpp" />
    <ClCompile Include="TxCrearMascota.cpp" />
    <ClCompile Include="TxCrearValoracio.cpp" />
    <ClCompile Include="TxCrearEsdeveniment.cpp" />
    <ClCompile Include="TxEliminaCentre.cpp" />
    <ClCompile Include="TxEliminaMascota.cpp" />
    <ClCompile Include="TxEliminarValoracio.cpp" />
    <ClCompile Include="TxEliminaVisita.cpp" />
    <ClCompile Include="TxEsborraUsu.cpp" />
    <ClCompile Include="TxIniciSessio.cpp" />
    <ClCompile Include="TxModificaCentre.cpp" />
    <ClCompile Include="TxModificarValoracio.cpp" />
    <ClCompile Include="TxModUsu.cpp" />
    <ClCompile Include="TxRegistraUsu.cpp" />
    <ClCompile Include="TxTancaSessio.cpp" />
    <ClCompile Include="CercadoraPublic.cpp" />
    <ClCompile Include="PassarellaParticipa.cpp" />
    <ClCompile Include="CercadoraParticipa.cpp" />
    <ClCompile Include="TxEsborraParticipa.cpp" />
    <ClCompile Include="TxCrearParticipa.cpp" />
  </ItemGroup>
  <ItemGroup>
    <ClInclude Include="CercadoraCentre.h" />
    <ClInclude Include="CercadoraEsdeveniments.h" />
    <ClInclude Include="CercadoraMascota.h" />
    <ClInclude Include="CercadoraClinica.h" />
    <ClInclude Include="CercadoraPropietari.h" />
    <ClInclude Include="CercadoraTipus.h" />
    <ClInclude Include="CercadoraUsuari.h" />
    <ClInclude Include="CercadoraValoracio.h" />
    <ClInclude Include="CercadoraVisita.h" />
    <ClInclude Include="ConsultaCentresForm.h" />
    <ClInclude Include="ConsultarEvents.h" />
    <ClInclude Include="ConsultaVistes_forms.h" />
    <ClInclude Include="CreaCentreForms.h" />
    <ClInclude Include="CrearPublic.h" />
    <ClInclude Include="CreaVisites_forms.h" />
    <ClInclude Include="Crea_Mascota_forms.h" />
    <ClInclude Include="DBConnection.h" />
    <ClInclude Include="ConsultaMascota_forms.h" />
    <ClInclude Include="Elimina_Mascota_forms.h" />
    <ClInclude Include="EliminaCentresForm.h" />
    <ClInclude Include="EliminaVisita_forms.h" />
    <ClInclude Include="PantallaPrincipal.h" />
    <ClInclude Include="InfoCli.h" />
    <ClInclude Include="InfoProp.h" />
    <ClInclude Include="IniUsu.h" />
    <ClInclude Include="MenuCli.h" />
    <ClInclude Include="MenuProp.h" />
    <ClInclude Include="ModCli.h" />
    <ClInclude Include="ModProp.h" />
    <ClInclude Include="PassarellaCentre.h" />
    <ClInclude Include="PassarellaEsdeveniments.h" />
    <ClInclude Include="PassarellaMascota.h" />
    <ClInclude Include="PassarellaPublic.h" />
    <ClInclude Include="PassarellaTipus.h" />
    <ClInclude Include="PassarellaUsuari.h" />
    <ClInclude Include="PassarellaValoracio.h" />
    <ClInclude Include="PassarellaVisites.h" />
    <ClInclude Include="RegUsu.h" />
    <ClInclude Include="PassarellaClinica.h" />
    <ClInclude Include="Ordinador.h" />
    <ClInclude Include="PassarellaPropietari.h" />
    <ClInclude Include="pch.h" />
    <ClInclude Include="Resource.h" />
    <ClInclude Include="TxConsultarCentres.h" />
    <ClInclude Include="TxConsultarMascotes.h" />
    <ClInclude Include="TxConsultarVisites.h" />
    <ClInclude Include="TxConsultaUsu.h" />
    <ClInclude Include="TxCrearCentre.h" />
    <ClInclude Include="TxCrearMascota.h" />
    <ClInclude Include="TxCrearValoracio.h" />
    <ClInclude Include="TxCrearEsdeveniment.h" />
    <ClInclude Include="TxEliminaCentre.h" />
    <ClInclude Include="TxEliminaMascota.h" />
    <ClInclude Include="TxEliminarValoracio.h" />
    <ClInclude Include="TxEliminaVisita.h" />
    <ClInclude Include="TxEsborraUsu.h" />
    <ClInclude Include="TxIniciSessio.h" />
    <ClInclude Include="TxModificaCentre.h" />
    <ClInclude Include="TxModificarValoracio.h" />
    <ClInclude Include="TxModUsu.h" />
    <ClInclude Include="TxRegistraUsu.h" />
    <ClInclude Include="TxTancaSessio.h" />
    <ClInclude Include="CercadoraPublic.h" />
    <ClInclude Include="PassarellaParticipa.h" />
    <ClInclude Include="CercadoraParticipa.h" />
    <ClInclude Include="TxEsborraParticipa.h" />
    <ClInclude Include="TxCrearParticipa.h" />
  </ItemGroup>
  <ItemGroup>
    <ResourceCompile Include="app.rc" />
  </ItemGroup>
  <ItemGroup>
    <Xml Include="x64\Release\MySql.Data.xml" />
  </ItemGroup>
  <ItemGroup>
    <Image Include="app.ico" />
  </ItemGroup>
  <ItemGroup>
    <EmbeddedResource Include="IniUsu.resx" />
    <EmbeddedResource Include="MenuCli.resx" />
  </ItemGroup>
  <ItemGroup>
    <None Include="x64\Release\MySql.Data.dll" />
  </ItemGroup>
</Project>